
Microsoft Visual Studio Solution File, Format Version 12.00
# Visual Studio Version 16
VisualStudioVersion = 16.0.29215.179
MinimumVisualStudioVersion = 10.0.40219.1
Project("{9A19103F-16F7-4668-BE54-9A1E7A4F7556}") = "Day01", "Day01\Day01.csproj", "{4E441E82-5040-4039-84E9-6166AF78CA71}"
EndProject
Project("{9A19103F-16F7-4668-BE54-9A1E7A4F7556}") = "Day02", "Day02\Day02.csproj", "{EC8EDDA4-83AD-4FE5-9948-B91663484157}"
EndProject
Project("{FAE04EC0-301F-11D3-BF4B-00C04F79EFBC}") = "Day03", "Day03\Day03.csproj", "{76A594E9-911F-4155-8CCF-784A57D43722}"
EndProject
Global
	GlobalSection(SolutionConfigurationPlatforms) = preSolution
		Debug|Any CPU = Debug|Any CPU
		Release|Any CPU = Release|Any CPU
	EndGlobalSection
	GlobalSection(ProjectConfigurationPlatforms) = postSolution
		{4E441E82-5040-4039-84E9-6166AF78CA71}.Debug|Any CPU.ActiveCfg = Debug|Any CPU
		{4E441E82-5040-4039-84E9-6166AF78CA71}.Debug|Any CPU.Build.0 = Debug|Any CPU
		{4E441E82-5040-4039-84E9-6166AF78CA71}.Release|Any CPU.ActiveCfg = Release|Any CPU
		{4E441E82-5040-4039-84E9-6166AF78CA71}.Release|Any CPU.Build.0 = Release|Any CPU
		{EC8EDDA4-83AD-4FE5-9948-B91663484157}.Debug|Any CPU.ActiveCfg = Debug|Any CPU
		{EC8EDDA4-83AD-4FE5-9948-B91663484157}.Debug|Any CPU.Build.0 = Debug|Any CPU
		{EC8EDDA4-83AD-4FE5-9948-B91663484157}.Release|Any CPU.ActiveCfg = Release|Any CPU
		{EC8EDDA4-83AD-4FE5-9948-B91663484157}.Release|Any CPU.Build.0 = Release|Any CPU
		{76A594E9-911F-4155-8CCF-784A57D43722}.Debug|Any CPU.ActiveCfg = Debug|Any CPU
		{76A594E9-911F-4155-8CCF-784A57D43722}.Debug|Any CPU.Build.0 = Debug|Any CPU
		{76A594E9-911F-4155-8CCF-784A57D43722}.Release|Any CPU.ActiveCfg = Release|Any CPU
		{76A594E9-911F-4155-8CCF-784A57D43722}.Release|Any CPU.Build.0 = Release|Any CPU
	EndGlobalSection
	GlobalSection(SolutionProperties) = preSolution
		HideSolutionNode = FALSE
	EndGlobalSection
	GlobalSection(ExtensibilityGlobals) = postSolution
		SolutionGuid = {0887005F-A98E-457E-BAD7-C9694FEADEA4}
	EndGlobalSection
EndGlobal
